// !$*UTF8*$!
{
	archiveVersion = 1;
	classes = {
	};
	objectVersion = 47;
	objects = {

/* Begin PBXGroup section */
		E92A8CA11BC4398D0091744C = {
			isa = PBXGroup;
			children = (
			);
			sourceTree = "<group>";
		};
/* End PBXGroup section */

/* Begin PBXProject section */
		E92A8CA21BC4398E0091744C /* Project object */ = {
			isa = PBXProject;
			attributes = {
				LastUpgradeCheck = 0700;
				ORGANIZATIONNAME = "Thomas Guthrie";
			};
			buildConfigurationList = E92A8CA51BC4398E0091744C /* Build configuration list for PBXProject "RelativeDateFormatter" */;
			compatibilityVersion = "Xcode 6.3";
			developmentRegion = English;
			hasScannedForEncodings = 0;
			knownRegions = (
				en,
			);
			mainGroup = E92A8CA11BC4398D0091744C;
			projectDirPath = "";
			projectRoot = "";
			targets = (
			);
		};
/* End PBXProject section */

/* Begin XCBuildConfiguration section */
		E92A8CA61BC4398E0091744C /* Debug */ = {
			isa = XCBuildConfiguration;
			buildSettings = {
			};
			name = Debug;
		};
		E92A8CA71BC4398E0091744C /* Release */ = {
			isa = XCBuildConfiguration;
			buildSettings = {
			};
			name = Release;
		};
/* End XCBuildConfiguration section */

/* Begin XCConfigurationList section */
		E92A8CA51BC4398E0091744C /* Build configuration list for PBXProject "RelativeDateFormatter" */ = {
			isa = XCConfigurationList;
			buildConfigurations = (
				E92A8CA61BC4398E0091744C /* Debug */,
				E92A8CA71BC4398E0091744C /* Release */,
			);
			defaultConfigurationIsVisible = 0;
			defaultConfigurationName = Release;
		};
/* End XCConfigurationList section */
	};
	rootObject = E92A8CA21BC4398E0091744C /* Project object */;
}
